# THIS IS AN AUTOGENERATED FILE. DO NOT EDIT THIS FILE DIRECTLY.
# yarn lockfile v1


sphere-knn@^1.4.0:
  version "1.4.0"
  resolved "https://registry.yarnpkg.com/sphere-knn/-/sphere-knn-1.4.0.tgz#27f3120cdfade79efbbbc2e147a4b8d21c831537"
  integrity sha512-sFdsABoSClBxz3DzO2yvHwbbV4zIRvgrIeC1qqWPYzKMtT26xCF/r5xG9Sj7iLFG9GJIt1WnT6VpYaQeRvIzPA==
